
Microsoft Visual Studio Solution File, Format Version 12.00
# Visual Studio Version 17
VisualStudioVersion = 17.8.34322.80
MinimumVisualStudioVersion = 10.0.40219.1
Project("{FAE04EC0-301F-11D3-BF4B-00C04F79EFBC}") = "Web Server", "Web Server\Web Server.csproj", "{68CB803C-15D5-47CE-8341-447E2386D5A0}"
EndProject
Global
	GlobalSection(SolutionConfigurationPlatforms) = preSolution
		Debug|Any CPU = Debug|Any CPU
		Release|Any CPU = Release|Any CPU
	EndGlobalSection
	GlobalSection(ProjectConfigurationPlatforms) = postSolution
		{68CB803C-15D5-47CE-8341-447E2386D5A0}.Debug|Any CPU.ActiveCfg = Debug|Any CPU
		{68CB803C-15D5-47CE-8341-447E2386D5A0}.Debug|Any CPU.Build.0 = Debug|Any CPU
		{68CB803C-15D5-47CE-8341-447E2386D5A0}.Release|Any CPU.ActiveCfg = Release|Any CPU
		{68CB803C-15D5-47CE-8341-447E2386D5A0}.Release|Any CPU.Build.0 = Release|Any CPU
	EndGlobalSection
	GlobalSection(SolutionProperties) = preSolution
		HideSolutionNode = FALSE
	EndGlobalSection
	GlobalSection(ExtensibilityGlobals) = postSolution
		SolutionGuid = {8052735B-EE6C-4570-A433-8FA3B47F6613}
	EndGlobalSection
EndGlobal
